
Microsoft Visual Studio Solution File, Format Version 12.00
# Visual Studio 14
VisualStudioVersion = 14.0.25420.1
MinimumVisualStudioVersion = 10.0.40219.1
Project("{FAE04EC0-301F-11D3-BF4B-00C04F79EFBC}") = "BookingMyTraining.Droid", "BookingMyTraining\BookingMyTraining.Droid\BookingMyTraining.Droid.csproj", "{6AAAA21B-6811-486B-8DA0-5774DE0844BD}"
EndProject
Project("{FAE04EC0-301F-11D3-BF4B-00C04F79EFBC}") = "BookingMyTraining.iOS", "BookingMyTraining\BookingMyTraining.iOS\BookingMyTraining.iOS.csproj", "{DA16FFC7-5089-4772-B87A-E3B7961B836F}"
EndProject
Project("{FAE04EC0-301F-11D3-BF4B-00C04F79EFBC}") = "BookingMyTraining.WinPhone", "BookingMyTraining\BookingMyTraining.WinPhone\BookingMyTraining.WinPhone.csproj", "{E8E3E719-0A72-4924-AE17-60E765AD42A4}"
EndProject
Project("{FAE04EC0-301F-11D3-BF4B-00C04F79EFBC}") = "BookingMyTraining.Windows", "BookingMyTraining\BookingMyTraining.Windows\BookingMyTraining.Windows.csproj", "{4BAAD35D-EC25-4ED7-B9B0-D764786C8255}"
EndProject
Project("{FAE04EC0-301F-11D3-BF4B-00C04F79EFBC}") = "BookingMyTraining", "BookingMyTraining\BookingMyTraining\BookingMyTraining.csproj", "{5CED64AA-AA2B-4D79-B860-4D062D1E6217}"
EndProject
Global
	GlobalSection(SolutionConfigurationPlatforms) = preSolution
		Ad-Hoc|Any CPU = Ad-Hoc|Any CPU
		Ad-Hoc|ARM = Ad-Hoc|ARM
		Ad-Hoc|iPhone = Ad-Hoc|iPhone
		Ad-Hoc|iPhoneSimulator = Ad-Hoc|iPhoneSimulator
		Ad-Hoc|x64 = Ad-Hoc|x64
		Ad-Hoc|x86 = Ad-Hoc|x86
		AppStore|Any CPU = AppStore|Any CPU
		AppStore|ARM = AppStore|ARM
		AppStore|iPhone = AppStore|iPhone
		AppStore|iPhoneSimulator = AppStore|iPhoneSimulator
		AppStore|x64 = AppStore|x64
		AppStore|x86 = AppStore|x86
		Debug|Any CPU = Debug|Any CPU
		Debug|ARM = Debug|ARM
		Debug|iPhone = Debug|iPhone
		Debug|iPhoneSimulator = Debug|iPhoneSimulator
		Debug|x64 = Debug|x64
		Debug|x86 = Debug|x86
		Release|Any CPU = Release|Any CPU
		Release|ARM = Release|ARM
		Release|iPhone = Release|iPhone
		Release|iPhoneSimulator = Release|iPhoneSimulator
		Release|x64 = Release|x64
		Release|x86 = Release|x86
	EndGlobalSection
	GlobalSection(ProjectConfigurationPlatforms) = postSolution
		{6AAAA21B-6811-486B-8DA0-5774DE0844BD}.Ad-Hoc|Any CPU.ActiveCfg = Release|Any CPU
		{6AAAA21B-6811-486B-8DA0-5774DE0844BD}.Ad-Hoc|Any CPU.Build.0 = Release|Any CPU
		{6AAAA21B-6811-486B-8DA0-5774DE0844BD}.Ad-Hoc|Any CPU.Deploy.0 = Release|Any CPU
		{6AAAA21B-6811-486B-8DA0-5774DE0844BD}.Ad-Hoc|ARM.ActiveCfg = Release|Any CPU
		{6AAAA21B-6811-486B-8DA0-5774DE0844BD}.Ad-Hoc|ARM.Build.0 = Release|Any CPU
		{6AAAA21B-6811-486B-8DA0-5774DE0844BD}.Ad-Hoc|ARM.Deploy.0 = Release|Any CPU
		{6AAAA21B-6811-486B-8DA0-5774DE0844BD}.Ad-Hoc|iPhone.ActiveCfg = Release|Any CPU
		{6AAAA21B-6811-486B-8DA0-5774DE0844BD}.Ad-Hoc|iPhone.Build.0 = Release|Any CPU
		{6AAAA21B-6811-486B-8DA0-5774DE0844BD}.Ad-Hoc|iPhone.Deploy.0 = Release|Any CPU
		{6AAAA21B-6811-486B-8DA0-5774DE0844BD}.Ad-Hoc|iPhoneSimulator.ActiveCfg = Release|Any CPU
		{6AAAA21B-6811-486B-8DA0-5774DE0844BD}.Ad-Hoc|iPhoneSimulator.Build.0 = Release|Any CPU
		{6AAAA21B-6811-486B-8DA0-5774DE0844BD}.Ad-Hoc|iPhoneSimulator.Deploy.0 = Release|Any CPU
		{6AAAA21B-6811-486B-8DA0-5774DE0844BD}.Ad-Hoc|x64.ActiveCfg = Release|Any CPU
		{6AAAA21B-6811-486B-8DA0-5774DE0844BD}.Ad-Hoc|x64.Build.0 = Release|Any CPU
		{6AAAA21B-6811-486B-8DA0-5774DE0844BD}.Ad-Hoc|x64.Deploy.0 = Release|Any CPU
		{6AAAA21B-6811-486B-8DA0-5774DE0844BD}.Ad-Hoc|x86.ActiveCfg = Release|Any CPU
		{6AAAA21B-6811-486B-8DA0-5774DE0844BD}.Ad-Hoc|x86.Build.0 = Release|Any CPU
		{6AAAA21B-6811-486B-8DA0-5774DE0844BD}.Ad-Hoc|x86.Deploy.0 = Release|Any CPU
		{6AAAA21B-6811-486B-8DA0-5774DE0844BD}.AppStore|Any CPU.ActiveCfg = Release|Any CPU
		{6AAAA21B-6811-486B-8DA0-5774DE0844BD}.AppStore|Any CPU.Build.0 = Release|Any CPU
		{6AAAA21B-6811-486B-8DA0-5774DE0844BD}.AppStore|Any CPU.Deploy.0 = Release|Any CPU
		{6AAAA21B-6811-486B-8DA0-5774DE0844BD}.AppStore|ARM.ActiveCfg = Release|Any CPU
		{6AAAA21B-6811-486B-8DA0-5774DE0844BD}.AppStore|ARM.Build.0 = Release|Any CPU
		{6AAAA21B-6811-486B-8DA0-5774DE0844BD}.AppStore|ARM.Deploy.0 = Release|Any CPU
		{6AAAA21B-6811-486B-8DA0-5774DE0844BD}.AppStore|iPhone.ActiveCfg = Release|Any CPU
		{6AAAA21B-6811-486B-8DA0-5774DE0844BD}.AppStore|iPhone.Build.0 = Release|Any CPU
		{6AAAA21B-6811-486B-8DA0-5774DE0844BD}.AppStore|iPhone.Deploy.0 = Release|Any CPU
		{6AAAA21B-6811-486B-8DA0-5774DE0844BD}.AppStore|iPhoneSimulator.ActiveCfg = Release|Any CPU
		{6AAAA21B-6811-486B-8DA0-5774DE0844BD}.AppStore|iPhoneSimulator.Build.0 = Release|Any CPU
		{6AAAA21B-6811-486B-8DA0-5774DE0844BD}.AppStore|iPhoneSimulator.Deploy.0 = Release|Any CPU
		{6AAAA21B-6811-486B-8DA0-5774DE0844BD}.AppStore|x64.ActiveCfg = Release|Any CPU
		{6AAAA21B-6811-486B-8DA0-5774DE0844BD}.AppStore|x64.Build.0 = Release|Any CPU
		{6AAAA21B-6811-486B-8DA0-5774DE0844BD}.AppStore|x64.Deploy.0 = Release|Any CPU
		{6AAAA21B-6811-486B-8DA0-5774DE0844BD}.AppStore|x86.ActiveCfg = Release|Any CPU
		{6AAAA21B-6811-486B-8DA0-5774DE0844BD}.AppStore|x86.Build.0 = Release|Any CPU
		{6AAAA21B-6811-486B-8DA0-5774DE0844BD}.AppStore|x86.Deploy.0 = Release|Any CPU
		{6AAAA21B-6811-486B-8DA0-5774DE0844BD}.Debug|Any CPU.ActiveCfg = Debug|Any CPU
		{6AAAA21B-6811-486B-8DA0-5774DE0844BD}.Debug|Any CPU.Build.0 = Debug|Any CPU
		{6AAAA21B-6811-486B-8DA0-5774DE0844BD}.Debug|Any CPU.Deploy.0 = Debug|Any CPU
		{6AAAA21B-6811-486B-8DA0-5774DE0844BD}.Debug|ARM.ActiveCfg = Debug|Any CPU
		{6AAAA21B-6811-486B-8DA0-5774DE0844BD}.Debug|ARM.Build.0 = Debug|Any CPU
		{6AAAA21B-6811-486B-8DA0-5774DE0844BD}.Debug|ARM.Deploy.0 = Debug|Any CPU
		{6AAAA21B-6811-486B-8DA0-5774DE0844BD}.Debug|iPhone.ActiveCfg = Debug|Any CPU
		{6AAAA21B-6811-486B-8DA0-5774DE0844BD}.Debug|iPhone.Build.0 = Debug|Any CPU
		{6AAAA21B-6811-486B-8DA0-5774DE0844BD}.Debug|iPhone.Deploy.0 = Debug|Any CPU
		{6AAAA21B-6811-486B-8DA0-5774DE0844BD}.Debug|iPhoneSimulator.ActiveCfg = Debug|Any CPU
		{6AAAA21B-6811-486B-8DA0-5774DE0844BD}.Debug|iPhoneSimulator.Build.0 = Debug|Any CPU
		{6AAAA21B-6811-486B-8DA0-5774DE0844BD}.Debug|iPhoneSimulator.Deploy.0 = Debug|Any CPU
		{6AAAA21B-6811-486B-8DA0-5774DE0844BD}.Debug|x64.ActiveCfg = Debug|Any CPU
		{6AAAA21B-6811-486B-8DA0-5774DE0844BD}.Debug|x64.Build.0 = Debug|Any CPU
		{6AAAA21B-6811-486B-8DA0-5774DE0844BD}.Debug|x64.Deploy.0 = Debug|Any CPU
		{6AAAA21B-6811-486B-8DA0-5774DE0844BD}.Debug|x86.ActiveCfg = Debug|Any CPU
		{6AAAA21B-6811-486B-8DA0-5774DE0844BD}.Debug|x86.Build.0 = Debug|Any CPU
		{6AAAA21B-6811-486B-8DA0-5774DE0844BD}.Debug|x86.Deploy.0 = Debug|Any CPU
		{6AAAA21B-6811-486B-8DA0-5774DE0844BD}.Release|Any CPU.ActiveCfg = Release|Any CPU
		{6AAAA21B-6811-486B-8DA0-5774DE0844BD}.Release|Any CPU.Build.0 = Release|Any CPU
		{6AAAA21B-6811-486B-8DA0-5774DE0844BD}.Release|Any CPU.Deploy.0 = Release|Any CPU
		{6AAAA21B-6811-486B-8DA0-5774DE0844BD}.Release|ARM.ActiveCfg = Release|Any CPU
		{6AAAA21B-6811-486B-8DA0-5774DE0844BD}.Release|ARM.Build.0 = Release|Any CPU
		{6AAAA21B-6811-486B-8DA0-5774DE0844BD}.Release|ARM.Deploy.0 = Release|Any CPU
		{6AAAA21B-6811-486B-8DA0-5774DE0844BD}.Release|iPhone.ActiveCfg = Release|Any CPU
		{6AAAA21B-6811-486B-8DA0-5774DE0844BD}.Release|iPhone.Build.0 = Release|Any CPU
		{6AAAA21B-6811-486B-8DA0-5774DE0844BD}.Release|iPhone.Deploy.0 = Release|Any CPU
		{6AAAA21B-6811-486B-8DA0-5774DE0844BD}.Release|iPhoneSimulator.ActiveCfg = Release|Any CPU
		{6AAAA21B-6811-486B-8DA0-5774DE0844BD}.Release|iPhoneSimulator.Build.0 = Release|Any CPU
		{6AAAA21B-6811-486B-8DA0-5774DE0844BD}.Release|iPhoneSimulator.Deploy.0 = Release|Any CPU
		{6AAAA21B-6811-486B-8DA0-5774DE0844BD}.Release|x64.ActiveCfg = Release|Any CPU
		{6AAAA21B-6811-486B-8DA0-5774DE0844BD}.Release|x64.Build.0 = Release|Any CPU
		{6AAAA21B-6811-486B-8DA0-5774DE0844BD}.Release|x64.Deploy.0 = Release|Any CPU
		{6AAAA21B-6811-486B-8DA0-5774DE0844BD}.Release|x86.ActiveCfg = Release|Any CPU
		{6AAAA21B-6811-486B-8DA0-5774DE0844BD}.Release|x86.Build.0 = Release|Any CPU
		{6AAAA21B-6811-486B-8DA0-5774DE0844BD}.Release|x86.Deploy.0 = Release|Any CPU
		{DA16FFC7-5089-4772-B87A-E3B7961B836F}.Ad-Hoc|Any CPU.ActiveCfg = Ad-Hoc|iPhone
		{DA16FFC7-5089-4772-B87A-E3B7961B836F}.Ad-Hoc|ARM.ActiveCfg = Ad-Hoc|iPhone
		{DA16FFC7-5089-4772-B87A-E3B7961B836F}.Ad-Hoc|iPhone.ActiveCfg = Ad-Hoc|iPhone
		{DA16FFC7-5089-4772-B87A-E3B7961B836F}.Ad-Hoc|iPhone.Build.0 = Ad-Hoc|iPhone
		{DA16FFC7-5089-4772-B87A-E3B7961B836F}.Ad-Hoc|iPhoneSimulator.ActiveCfg = Ad-Hoc|iPhoneSimulator
		{DA16FFC7-5089-4772-B87A-E3B7961B836F}.Ad-Hoc|iPhoneSimulator.Build.0 = Ad-Hoc|iPhoneSimulator
		{DA16FFC7-5089-4772-B87A-E3B7961B836F}.Ad-Hoc|x64.ActiveCfg = Ad-Hoc|iPhone
		{DA16FFC7-5089-4772-B87A-E3B7961B836F}.Ad-Hoc|x86.ActiveCfg = Ad-Hoc|iPhone
		{DA16FFC7-5089-4772-B87A-E3B7961B836F}.AppStore|Any CPU.ActiveCfg = AppStore|iPhone
		{DA16FFC7-5089-4772-B87A-E3B7961B836F}.AppStore|ARM.ActiveCfg = AppStore|iPhone
		{DA16FFC7-5089-4772-B87A-E3B7961B836F}.AppStore|iPhone.ActiveCfg = AppStore|iPhone
		{DA16FFC7-5089-4772-B87A-E3B7961B836F}.AppStore|iPhone.Build.0 = AppStore|iPhone
		{DA16FFC7-5089-4772-B87A-E3B7961B836F}.AppStore|iPhoneSimulator.ActiveCfg = AppStore|iPhoneSimulator
		{DA16FFC7-5089-4772-B87A-E3B7961B836F}.AppStore|iPhoneSimulator.Build.0 = AppStore|iPhoneSimulator
		{DA16FFC7-5089-4772-B87A-E3B7961B836F}.AppStore|x64.ActiveCfg = AppStore|iPhone
		{DA16FFC7-5089-4772-B87A-E3B7961B836F}.AppStore|x86.ActiveCfg = AppStore|iPhone
		{DA16FFC7-5089-4772-B87A-E3B7961B836F}.Debug|Any CPU.ActiveCfg = Debug|iPhone
		{DA16FFC7-5089-4772-B87A-E3B7961B836F}.Debug|ARM.ActiveCfg = Debug|iPhone
		{DA16FFC7-5089-4772-B87A-E3B7961B836F}.Debug|iPhone.ActiveCfg = Debug|iPhone
		{DA16FFC7-5089-4772-B87A-E3B7961B836F}.Debug|iPhone.Build.0 = Debug|iPhone
		{DA16FFC7-5089-4772-B87A-E3B7961B836F}.Debug|iPhoneSimulator.ActiveCfg = Debug|iPhoneSimulator
		{DA16FFC7-5089-4772-B87A-E3B7961B836F}.Debug|iPhoneSimulator.Build.0 = Debug|iPhoneSimulator
		{DA16FFC7-5089-4772-B87A-E3B7961B836F}.Debug|x64.ActiveCfg = Debug|iPhone
		{DA16FFC7-5089-4772-B87A-E3B7961B836F}.Debug|x86.ActiveCfg = Debug|iPhone
		{DA16FFC7-5089-4772-B87A-E3B7961B836F}.Release|Any CPU.ActiveCfg = Release|iPhone
		{DA16FFC7-5089-4772-B87A-E3B7961B836F}.Release|ARM.ActiveCfg = Release|iPhone
		{DA16FFC7-5089-4772-B87A-E3B7961B836F}.Release|iPhone.ActiveCfg = Release|iPhone
		{DA16FFC7-5089-4772-B87A-E3B7961B836F}.Release|iPhone.Build.0 = Release|iPhone
		{DA16FFC7-5089-4772-B87A-E3B7961B836F}.Release|iPhoneSimulator.ActiveCfg = Release|iPhoneSimulator
		{DA16FFC7-5089-4772-B87A-E3B7961B836F}.Release|iPhoneSimulator.Build.0 = Release|iPhoneSimulator
		{DA16FFC7-5089-4772-B87A-E3B7961B836F}.Release|x64.ActiveCfg = Release|iPhone
		{DA16FFC7-5089-4772-B87A-E3B7961B836F}.Release|x86.ActiveCfg = Release|iPhone
		{E8E3E719-0A72-4924-AE17-60E765AD42A4}.Ad-Hoc|Any CPU.ActiveCfg = Release|Any CPU
		{E8E3E719-0A72-4924-AE17-60E765AD42A4}.Ad-Hoc|Any CPU.Build.0 = Release|Any CPU
		{E8E3E719-0A72-4924-AE17-60E765AD42A4}.Ad-Hoc|Any CPU.Deploy.0 = Release|Any CPU
		{E8E3E719-0A72-4924-AE17-60E765AD42A4}.Ad-Hoc|ARM.ActiveCfg = Release|ARM
		{E8E3E719-0A72-4924-AE17-60E765AD42A4}.Ad-Hoc|ARM.Build.0 = Release|ARM
		{E8E3E719-0A72-4924-AE17-60E765AD42A4}.Ad-Hoc|ARM.Deploy.0 = Release|ARM
		{E8E3E719-0A72-4924-AE17-60E765AD42A4}.Ad-Hoc|iPhone.ActiveCfg = Release|Any CPU
		{E8E3E719-0A72-4924-AE17-60E765AD42A4}.Ad-Hoc|iPhone.Build.0 = Release|Any CPU
		{E8E3E719-0A72-4924-AE17-60E765AD42A4}.Ad-Hoc|iPhone.Deploy.0 = Release|Any CPU
		{E8E3E719-0A72-4924-AE17-60E765AD42A4}.Ad-Hoc|iPhoneSimulator.ActiveCfg = Release|Any CPU
		{E8E3E719-0A72-4924-AE17-60E765AD42A4}.Ad-Hoc|iPhoneSimulator.Build.0 = Release|Any CPU
		{E8E3E719-0A72-4924-AE17-60E765AD42A4}.Ad-Hoc|iPhoneSimulator.Deploy.0 = Release|Any CPU
		{E8E3E719-0A72-4924-AE17-60E765AD42A4}.Ad-Hoc|x64.ActiveCfg = Release|Any CPU
		{E8E3E719-0A72-4924-AE17-60E765AD42A4}.Ad-Hoc|x64.Build.0 = Release|Any CPU
		{E8E3E719-0A72-4924-AE17-60E765AD42A4}.Ad-Hoc|x64.Deploy.0 = Release|Any CPU
		{E8E3E719-0A72-4924-AE17-60E765AD42A4}.Ad-Hoc|x86.ActiveCfg = Release|x86
		{E8E3E719-0A72-4924-AE17-60E765AD42A4}.Ad-Hoc|x86.Build.0 = Release|x86
		{E8E3E719-0A72-4924-AE17-60E765AD42A4}.Ad-Hoc|x86.Deploy.0 = Release|x86
		{E8E3E719-0A72-4924-AE17-60E765AD42A4}.AppStore|Any CPU.ActiveCfg = Release|Any CPU
		{E8E3E719-0A72-4924-AE17-60E765AD42A4}.AppStore|Any CPU.Build.0 = Release|Any CPU
		{E8E3E719-0A72-4924-AE17-60E765AD42A4}.AppStore|Any CPU.Deploy.0 = Release|Any CPU
		{E8E3E719-0A72-4924-AE17-60E765AD42A4}.AppStore|ARM.ActiveCfg = Release|ARM
		{E8E3E719-0A72-4924-AE17-60E765AD42A4}.AppStore|ARM.Build.0 = Release|ARM
		{E8E3E719-0A72-4924-AE17-60E765AD42A4}.AppStore|ARM.Deploy.0 = Release|ARM
		{E8E3E719-0A72-4924-AE17-60E765AD42A4}.AppStore|iPhone.ActiveCfg = Release|Any CPU
		{E8E3E719-0A72-4924-AE17-60E765AD42A4}.AppStore|iPhone.Build.0 = Release|Any CPU
		{E8E3E719-0A72-4924-AE17-60E765AD42A4}.AppStore|iPhone.Deploy.0 = Release|Any CPU
		{E8E3E719-0A72-4924-AE17-60E765AD42A4}.AppStore|iPhoneSimulator.ActiveCfg = Release|Any CPU
		{E8E3E719-0A72-4924-AE17-60E765AD42A4}.AppStore|iPhoneSimulator.Build.0 = Release|Any CPU
		{E8E3E719-0A72-4924-AE17-60E765AD42A4}.AppStore|iPhoneSimulator.Deploy.0 = Release|Any CPU
		{E8E3E719-0A72-4924-AE17-60E765AD42A4}.AppStore|x64.ActiveCfg = Release|Any CPU
		{E8E3E719-0A72-4924-AE17-60E765AD42A4}.AppStore|x64.Build.0 = Release|Any CPU
		{E8E3E719-0A72-4924-AE17-60E765AD42A4}.AppStore|x64.Deploy.0 = Release|Any CPU
		{E8E3E719-0A72-4924-AE17-60E765AD42A4}.AppStore|x86.ActiveCfg = Release|x86
		{E8E3E719-0A72-4924-AE17-60E765AD42A4}.AppStore|x86.Build.0 = Release|x86
		{E8E3E719-0A72-4924-AE17-60E765AD42A4}.AppStore|x86.Deploy.0 = Release|x86
		{E8E3E719-0A72-4924-AE17-60E765AD42A4}.Debug|Any CPU.ActiveCfg = Debug|Any CPU
		{E8E3E719-0A72-4924-AE17-60E765AD42A4}.Debug|Any CPU.Build.0 = Debug|Any CPU
		{E8E3E719-0A72-4924-AE17-60E765AD42A4}.Debug|Any CPU.Deploy.0 = Debug|Any CPU
		{E8E3E719-0A72-4924-AE17-60E765AD42A4}.Debug|ARM.ActiveCfg = Debug|ARM
		{E8E3E719-0A72-4924-AE17-60E765AD42A4}.Debug|ARM.Build.0 = Debug|ARM
		{E8E3E719-0A72-4924-AE17-60E765AD42A4}.Debug|ARM.Deploy.0 = Debug|ARM
		{E8E3E719-0A72-4924-AE17-60E765AD42A4}.Debug|iPhone.ActiveCfg = Debug|Any CPU
		{E8E3E719-0A72-4924-AE17-60E765AD42A4}.Debug|iPhone.Build.0 = Debug|Any CPU
		{E8E3E719-0A72-4924-AE17-60E765AD42A4}.Debug|iPhone.Deploy.0 = Debug|Any CPU
		{E8E3E719-0A72-4924-AE17-60E765AD42A4}.Debug|iPhoneSimulator.ActiveCfg = Debug|Any CPU
		{E8E3E719-0A72-4924-AE17-60E765AD42A4}.Debug|iPhoneSimulator.Build.0 = Debug|Any CPU
		{E8E3E719-0A72-4924-AE17-60E765AD42A4}.Debug|iPhoneSimulator.Deploy.0 = Debug|Any CPU
		{E8E3E719-0A72-4924-AE17-60E765AD42A4}.Debug|x64.ActiveCfg = Debug|Any CPU
		{E8E3E719-0A72-4924-AE17-60E765AD42A4}.Debug|x64.Build.0 = Debug|Any CPU
		{E8E3E719-0A72-4924-AE17-60E765AD42A4}.Debug|x64.Deploy.0 = Debug|Any CPU
		{E8E3E719-0A72-4924-AE17-60E765AD42A4}.Debug|x86.ActiveCfg = Debug|x86
		{E8E3E719-0A72-4924-AE17-60E765AD42A4}.Debug|x86.Build.0 = Debug|x86
		{E8E3E719-0A72-4924-AE17-60E765AD42A4}.Debug|x86.Deploy.0 = Debug|x86
		{E8E3E719-0A72-4924-AE17-60E765AD42A4}.Release|Any CPU.ActiveCfg = Release|Any CPU
		{E8E3E719-0A72-4924-AE17-60E765AD42A4}.Release|Any CPU.Build.0 = Release|Any CPU
		{E8E3E719-0A72-4924-AE17-60E765AD42A4}.Release|Any CPU.Deploy.0 = Release|Any CPU
		{E8E3E719-0A72-4924-AE17-60E765AD42A4}.Release|ARM.ActiveCfg = Release|ARM
		{E8E3E719-0A72-4924-AE17-60E765AD42A4}.Release|ARM.Build.0 = Release|ARM
		{E8E3E719-0A72-4924-AE17-60E765AD42A4}.Release|ARM.Deploy.0 = Release|ARM
		{E8E3E719-0A72-4924-AE17-60E765AD42A4}.Release|iPhone.ActiveCfg = Release|Any CPU
		{E8E3E719-0A72-4924-AE17-60E765AD42A4}.Release|iPhone.Build.0 = Release|Any CPU
		{E8E3E719-0A72-4924-AE17-60E765AD42A4}.Release|iPhone.Deploy.0 = Release|Any CPU
		{E8E3E719-0A72-4924-AE17-60E765AD42A4}.Release|iPhoneSimulator.ActiveCfg = Release|Any CPU
		{E8E3E719-0A72-4924-AE17-60E765AD42A4}.Release|iPhoneSimulator.Build.0 = Release|Any CPU
		{E8E3E719-0A72-4924-AE17-60E765AD42A4}.Release|iPhoneSimulator.Deploy.0 = Release|Any CPU
		{E8E3E719-0A72-4924-AE17-60E765AD42A4}.Release|x64.ActiveCfg = Release|Any CPU
		{E8E3E719-0A72-4924-AE17-60E765AD42A4}.Release|x64.Build.0 = Release|Any CPU
		{E8E3E719-0A72-4924-AE17-60E765AD42A4}.Release|x64.Deploy.0 = Release|Any CPU
		{E8E3E719-0A72-4924-AE17-60E765AD42A4}.Release|x86.ActiveCfg = Release|x86
		{E8E3E719-0A72-4924-AE17-60E765AD42A4}.Release|x86.Build.0 = Release|x86
		{E8E3E719-0A72-4924-AE17-60E765AD42A4}.Release|x86.Deploy.0 = Release|x86
		{4BAAD35D-EC25-4ED7-B9B0-D764786C8255}.Ad-Hoc|Any CPU.ActiveCfg = Release|Any CPU
		{4BAAD35D-EC25-4ED7-B9B0-D764786C8255}.Ad-Hoc|Any CPU.Build.0 = Release|Any CPU
		{4BAAD35D-EC25-4ED7-B9B0-D764786C8255}.Ad-Hoc|Any CPU.Deploy.0 = Release|Any CPU
		{4BAAD35D-EC25-4ED7-B9B0-D764786C8255}.Ad-Hoc|ARM.ActiveCfg = Release|ARM
		{4BAAD35D-EC25-4ED7-B9B0-D764786C8255}.Ad-Hoc|ARM.Build.0 = Release|ARM
		{4BAAD35D-EC25-4ED7-B9B0-D764786C8255}.Ad-Hoc|ARM.Deploy.0 = Release|ARM
		{4BAAD35D-EC25-4ED7-B9B0-D764786C8255}.Ad-Hoc|iPhone.ActiveCfg = Release|Any CPU
		{4BAAD35D-EC25-4ED7-B9B0-D764786C8255}.Ad-Hoc|iPhone.Build.0 = Release|Any CPU
		{4BAAD35D-EC25-4ED7-B9B0-D764786C8255}.Ad-Hoc|iPhone.Deploy.0 = Release|Any CPU
		{4BAAD35D-EC25-4ED7-B9B0-D764786C8255}.Ad-Hoc|iPhoneSimulator.ActiveCfg = Release|Any CPU
		{4BAAD35D-EC25-4ED7-B9B0-D764786C8255}.Ad-Hoc|iPhoneSimulator.Build.0 = Release|Any CPU
		{4BAAD35D-EC25-4ED7-B9B0-D764786C8255}.Ad-Hoc|iPhoneSimulator.Deploy.0 = Release|Any CPU
		{4BAAD35D-EC25-4ED7-B9B0-D764786C8255}.Ad-Hoc|x64.ActiveCfg = Release|x64
		{4BAAD35D-EC25-4ED7-B9B0-D764786C8255}.Ad-Hoc|x64.Build.0 = Release|x64
		{4BAAD35D-EC25-4ED7-B9B0-D764786C8255}.Ad-Hoc|x64.Deploy.0 = Release|x64
		{4BAAD35D-EC25-4ED7-B9B0-D764786C8255}.Ad-Hoc|x86.ActiveCfg = Release|x86
		{4BAAD35D-EC25-4ED7-B9B0-D764786C8255}.Ad-Hoc|x86.Build.0 = Release|x86
		{4BAAD35D-EC25-4ED7-B9B0-D764786C8255}.Ad-Hoc|x86.Deploy.0 = Release|x86
		{4BAAD35D-EC25-4ED7-B9B0-D764786C8255}.AppStore|Any CPU.ActiveCfg = Release|Any CPU
		{4BAAD35D-EC25-4ED7-B9B0-D764786C8255}.AppStore|Any CPU.Build.0 = Release|Any CPU
		{4BAAD35D-EC25-4ED7-B9B0-D764786C8255}.AppStore|Any CPU.Deploy.0 = Release|Any CPU
		{4BAAD35D-EC25-4ED7-B9B0-D764786C8255}.AppStore|ARM.ActiveCfg = Release|ARM
		{4BAAD35D-EC25-4ED7-B9B0-D764786C8255}.AppStore|ARM.Build.0 = Release|ARM
		{4BAAD35D-EC25-4ED7-B9B0-D764786C8255}.AppStore|ARM.Deploy.0 = Release|ARM
		{4BAAD35D-EC25-4ED7-B9B0-D764786C8255}.AppStore|iPhone.ActiveCfg = Release|Any CPU
		{4BAAD35D-EC25-4ED7-B9B0-D764786C8255}.AppStore|iPhone.Build.0 = Release|Any CPU
		{4BAAD35D-EC25-4ED7-B9B0-D764786C8255}.AppStore|iPhone.Deploy.0 = Release|Any CPU
		{4BAAD35D-EC25-4ED7-B9B0-D764786C8255}.AppStore|iPhoneSimulator.ActiveCfg = Release|Any CPU
		{4BAAD35D-EC25-4ED7-B9B0-D764786C8255}.AppStore|iPhoneSimulator.Build.0 = Release|Any CPU
		{4BAAD35D-EC25-4ED7-B9B0-D764786C8255}.AppStore|iPhoneSimulator.Deploy.0 = Release|Any CPU
		{4BAAD35D-EC25-4ED7-B9B0-D764786C8255}.AppStore|x64.ActiveCfg = Release|x64
		{4BAAD35D-EC25-4ED7-B9B0-D764786C8255}.AppStore|x64.Build.0 = Release|x64
		{4BAAD35D-EC25-4ED7-B9B0-D764786C8255}.AppStore|x64.Deploy.0 = Release|x64
		{4BAAD35D-EC25-4ED7-B9B0-D764786C8255}.AppStore|x86.ActiveCfg = Release|x86
		{4BAAD35D-EC25-4ED7-B9B0-D764786C8255}.AppStore|x86.Build.0 = Release|x86
		{4BAAD35D-EC25-4ED7-B9B0-D764786C8255}.AppStore|x86.Deploy.0 = Release|x86
		{4BAAD35D-EC25-4ED7-B9B0-D764786C8255}.Debug|Any CPU.ActiveCfg = Debug|Any CPU
		{4BAAD35D-EC25-4ED7-B9B0-D764786C8255}.Debug|Any CPU.Build.0 = Debug|Any CPU
		{4BAAD35D-EC25-4ED7-B9B0-D764786C8255}.Debug|Any CPU.Deploy.0 = Debug|Any CPU
		{4BAAD35D-EC25-4ED7-B9B0-D764786C8255}.Debug|ARM.ActiveCfg = Debug|ARM
		{4BAAD35D-EC25-4ED7-B9B0-D764786C8255}.Debug|ARM.Build.0 = Debug|ARM
		{4BAAD35D-EC25-4ED7-B9B0-D764786C8255}.Debug|ARM.Deploy.0 = Debug|ARM
		{4BAAD35D-EC25-4ED7-B9B0-D764786C8255}.Debug|iPhone.ActiveCfg = Debug|Any CPU
		{4BAAD35D-EC25-4ED7-B9B0-D764786C8255}.Debug|iPhone.Build.0 = Debug|Any CPU
		{4BAAD35D-EC25-4ED7-B9B0-D764786C8255}.Debug|iPhone.Deploy.0 = Debug|Any CPU
		{4BAAD35D-EC25-4ED7-B9B0-D764786C8255}.Debug|iPhoneSimulator.ActiveCfg = Debug|Any CPU
		{4BAAD35D-EC25-4ED7-B9B0-D764786C8255}.Debug|iPhoneSimulator.Build.0 = Debug|Any CPU
		{4BAAD35D-EC25-4ED7-B9B0-D764786C8255}.Debug|iPhoneSimulator.Deploy.0 = Debug|Any CPU
		{4BAAD35D-EC25-4ED7-B9B0-D764786C8255}.Debug|x64.ActiveCfg = Debug|x64
		{4BAAD35D-EC25-4ED7-B9B0-D764786C8255}.Debug|x64.Build.0 = Debug|x64
		{4BAAD35D-EC25-4ED7-B9B0-D764786C8255}.Debug|x64.Deploy.0 = Debug|x64
		{4BAAD35D-EC25-4ED7-B9B0-D764786C8255}.Debug|x86.ActiveCfg = Debug|x86
		{4BAAD35D-EC25-4ED7-B9B0-D764786C8255}.Debug|x86.Build.0 = Debug|x86
		{4BAAD35D-EC25-4ED7-B9B0-D764786C8255}.Debug|x86.Deploy.0 = Debug|x86
		{4BAAD35D-EC25-4ED7-B9B0-D764786C8255}.Release|Any CPU.ActiveCfg = Release|Any CPU
		{4BAAD35D-EC25-4ED7-B9B0-D764786C8255}.Release|Any CPU.Build.0 = Release|Any CPU
		{4BAAD35D-EC25-4ED7-B9B0-D764786C8255}.Release|Any CPU.Deploy.0 = Release|Any CPU
		{4BAAD35D-EC25-4ED7-B9B0-D764786C8255}.Release|ARM.ActiveCfg = Release|ARM
		{4BAAD35D-EC25-4ED7-B9B0-D764786C8255}.Release|ARM.Build.0 = Release|ARM
		{4BAAD35D-EC25-4ED7-B9B0-D764786C8255}.Release|ARM.Deploy.0 = Release|ARM
		{4BAAD35D-EC25-4ED7-B9B0-D764786C8255}.Release|iPhone.ActiveCfg = Release|Any CPU
		{4BAAD35D-EC25-4ED7-B9B0-D764786C8255}.Release|iPhone.Build.0 = Release|Any CPU
		{4BAAD35D-EC25-4ED7-B9B0-D764786C8255}.Release|iPhone.Deploy.0 = Release|Any CPU
		{4BAAD35D-EC25-4ED7-B9B0-D764786C8255}.Release|iPhoneSimulator.ActiveCfg = Release|Any CPU
		{4BAAD35D-EC25-4ED7-B9B0-D764786C8255}.Release|iPhoneSimulator.Build.0 = Release|Any CPU
		{4BAAD35D-EC25-4ED7-B9B0-D764786C8255}.Release|iPhoneSimulator.Deploy.0 = Release|Any CPU
		{4BAAD35D-EC25-4ED7-B9B0-D764786C8255}.Release|x64.ActiveCfg = Release|x64
		{4BAAD35D-EC25-4ED7-B9B0-D764786C8255}.Release|x64.Build.0 = Release|x64
		{4BAAD35D-EC25-4ED7-B9B0-D764786C8255}.Release|x64.Deploy.0 = Release|x64
		{4BAAD35D-EC25-4ED7-B9B0-D764786C8255}.Release|x86.ActiveCfg = Release|x86
		{4BAAD35D-EC25-4ED7-B9B0-D764786C8255}.Release|x86.Build.0 = Release|x86
		{4BAAD35D-EC25-4ED7-B9B0-D764786C8255}.Release|x86.Deploy.0 = Release|x86
		{5CED64AA-AA2B-4D79-B860-4D062D1E6217}.Ad-Hoc|Any CPU.ActiveCfg = Release|Any CPU
		{5CED64AA-AA2B-4D79-B860-4D062D1E6217}.Ad-Hoc|Any CPU.Build.0 = Release|Any CPU
		{5CED64AA-AA2B-4D79-B860-4D062D1E6217}.Ad-Hoc|ARM.ActiveCfg = Release|Any CPU
		{5CED64AA-AA2B-4D79-B860-4D062D1E6217}.Ad-Hoc|ARM.Build.0 = Release|Any CPU
		{5CED64AA-AA2B-4D79-B860-4D062D1E6217}.Ad-Hoc|iPhone.ActiveCfg = Release|Any CPU
		{5CED64AA-AA2B-4D79-B860-4D062D1E6217}.Ad-Hoc|iPhone.Build.0 = Release|Any CPU
		{5CED64AA-AA2B-4D79-B860-4D062D1E6217}.Ad-Hoc|iPhoneSimulator.ActiveCfg = Release|Any CPU
		{5CED64AA-AA2B-4D79-B860-4D062D1E6217}.Ad-Hoc|iPhoneSimulator.Build.0 = Release|Any CPU
		{5CED64AA-AA2B-4D79-B860-4D062D1E6217}.Ad-Hoc|x64.ActiveCfg = Release|Any CPU
		{5CED64AA-AA2B-4D79-B860-4D062D1E6217}.Ad-Hoc|x64.Build.0 = Release|Any CPU
		{5CED64AA-AA2B-4D79-B860-4D062D1E6217}.Ad-Hoc|x86.ActiveCfg = Release|Any CPU
		{5CED64AA-AA2B-4D79-B860-4D062D1E6217}.Ad-Hoc|x86.Build.0 = Release|Any CPU
		{5CED64AA-AA2B-4D79-B860-4D062D1E6217}.AppStore|Any CPU.ActiveCfg = Release|Any CPU
		{5CED64AA-AA2B-4D79-B860-4D062D1E6217}.AppStore|Any CPU.Build.0 = Release|Any CPU
		{5CED64AA-AA2B-4D79-B860-4D062D1E6217}.AppStore|ARM.ActiveCfg = Release|Any CPU
		{5CED64AA-AA2B-4D79-B860-4D062D1E6217}.AppStore|ARM.Build.0 = Release|Any CPU
		{5CED64AA-AA2B-4D79-B860-4D062D1E6217}.AppStore|iPhone.ActiveCfg = Release|Any CPU
		{5CED64AA-AA2B-4D79-B860-4D062D1E6217}.AppStore|iPhone.Build.0 = Release|Any CPU
		{5CED64AA-AA2B-4D79-B860-4D062D1E6217}.AppStore|iPhoneSimulator.ActiveCfg = Release|Any CPU
		{5CED64AA-AA2B-4D79-B860-4D062D1E6217}.AppStore|iPhoneSimulator.Build.0 = Release|Any CPU
		{5CED64AA-AA2B-4D79-B860-4D062D1E6217}.AppStore|x64.ActiveCfg = Release|Any CPU
		{5CED64AA-AA2B-4D79-B860-4D062D1E6217}.AppStore|x64.Build.0 = Release|Any CPU
		{5CED64AA-AA2B-4D79-B860-4D062D1E6217}.AppStore|x86.ActiveCfg = Release|Any CPU
		{5CED64AA-AA2B-4D79-B860-4D062D1E6217}.AppStore|x86.Build.0 = Release|Any CPU
		{5CED64AA-AA2B-4D79-B860-4D062D1E6217}.Debug|Any CPU.ActiveCfg = Debug|Any CPU
		{5CED64AA-AA2B-4D79-B860-4D062D1E6217}.Debug|Any CPU.Build.0 = Debug|Any CPU
		{5CED64AA-AA2B-4D79-B860-4D062D1E6217}.Debug|ARM.ActiveCfg = Debug|Any CPU
		{5CED64AA-AA2B-4D79-B860-4D062D1E6217}.Debug|ARM.Build.0 = Debug|Any CPU
		{5CED64AA-AA2B-4D79-B860-4D062D1E6217}.Debug|iPhone.ActiveCfg = Debug|Any CPU
		{5CED64AA-AA2B-4D79-B860-4D062D1E6217}.Debug|iPhone.Build.0 = Debug|Any CPU
		{5CED64AA-AA2B-4D79-B860-4D062D1E6217}.Debug|iPhoneSimulator.ActiveCfg = Debug|Any CPU
		{5CED64AA-AA2B-4D79-B860-4D062D1E6217}.Debug|iPhoneSimulator.Build.0 = Debug|Any CPU
		{5CED64AA-AA2B-4D79-B860-4D062D1E6217}.Debug|x64.ActiveCfg = Debug|Any CPU
		{5CED64AA-AA2B-4D79-B860-4D062D1E6217}.Debug|x64.Build.0 = Debug|Any CPU
		{5CED64AA-AA2B-4D79-B860-4D062D1E6217}.Debug|x86.ActiveCfg = Debug|Any CPU
		{5CED64AA-AA2B-4D79-B860-4D062D1E6217}.Debug|x86.Build.0 = Debug|Any CPU
		{5CED64AA-AA2B-4D79-B860-4D062D1E6217}.Release|Any CPU.ActiveCfg = Release|Any CPU
		{5CED64AA-AA2B-4D79-B860-4D062D1E6217}.Release|Any CPU.Build.0 = Release|Any CPU
		{5CED64AA-AA2B-4D79-B860-4D062D1E6217}.Release|ARM.ActiveCfg = Release|Any CPU
		{5CED64AA-AA2B-4D79-B860-4D062D1E6217}.Release|ARM.Build.0 = Release|Any CPU
		{5CED64AA-AA2B-4D79-B860-4D062D1E6217}.Release|iPhone.ActiveCfg = Release|Any CPU
		{5CED64AA-AA2B-4D79-B860-4D062D1E6217}.Release|iPhone.Build.0 = Release|Any CPU
		{5CED64AA-AA2B-4D79-B860-4D062D1E6217}.Release|iPhoneSimulator.ActiveCfg = Release|Any CPU
		{5CED64AA-AA2B-4D79-B860-4D062D1E6217}.Release|iPhoneSimulator.Build.0 = Release|Any CPU
		{5CED64AA-AA2B-4D79-B860-4D062D1E6217}.Release|x64.ActiveCfg = Release|Any CPU
		{5CED64AA-AA2B-4D79-B860-4D062D1E6217}.Release|x64.Build.0 = Release|Any CPU
		{5CED64AA-AA2B-4D79-B860-4D062D1E6217}.Release|x86.ActiveCfg = Release|Any CPU
		{5CED64AA-AA2B-4D79-B860-4D062D1E6217}.Release|x86.Build.0 = Release|Any CPU
	EndGlobalSection
	GlobalSection(SolutionProperties) = preSolution
		HideSolutionNode = FALSE
	EndGlobalSection
EndGlobal
